{
  "name": "eduteabyshabrina",
  "version": "1.0.0",
  "lockfileVersion": 3,
  "requires": true,
  "packages": {
    "": {
      "name": "eduteabyshabrina",
      "version": "1.0.0",
      "license": "MIT",
      "dependencies": {
        "eduteabyshabrina": "^1.0.0"
      }
    },
    "node_modules/eduteabyshabrina": {
      "version": "1.0.0",
      "resolved": "https://registry.npmjs.org/eduteabyshabrina/-/eduteabyshabrina-1.0.0.tgz",
      "integrity": "sha512-rfYLLf1zys47vvK9Ka8N900Vr1JGi9SH42mWaxlJppuCxBVU3qLCt2MnYkOynf/jFmKrbwnhbUFKgmV6px8FOg==",
      "license": "MIT"
    }
  }
}
